
Microsoft Visual Studio Solution File, Format Version 12.00
# Visual Studio Version 17
VisualStudioVersion = 17.9.34728.123
MinimumVisualStudioVersion = 10.0.40219.1
Project("{FAE04EC0-301F-11D3-BF4B-00C04F79EFBC}") = "SequenciaFibonacci", "SequenciaFibonacci\SequenciaFibonacci.csproj", "{82CB8633-5DA9-4B83-B07E-048CA24818DF}"
EndProject
Global
	GlobalSection(SolutionConfigurationPlatforms) = preSolution
		Debug|Any CPU = Debug|Any CPU
		Release|Any CPU = Release|Any CPU
	EndGlobalSection
	GlobalSection(ProjectConfigurationPlatforms) = postSolution
		{82CB8633-5DA9-4B83-B07E-048CA24818DF}.Debug|Any CPU.ActiveCfg = Debug|Any CPU
		{82CB8633-5DA9-4B83-B07E-048CA24818DF}.Debug|Any CPU.Build.0 = Debug|Any CPU
		{82CB8633-5DA9-4B83-B07E-048CA24818DF}.Release|Any CPU.ActiveCfg = Release|Any CPU
		{82CB8633-5DA9-4B83-B07E-048CA24818DF}.Release|Any CPU.Build.0 = Release|Any CPU
	EndGlobalSection
	GlobalSection(SolutionProperties) = preSolution
		HideSolutionNode = FALSE
	EndGlobalSection
	GlobalSection(ExtensibilityGlobals) = postSolution
		SolutionGuid = {7307FDB5-CB16-4140-B87A-89AC077BBFF6}
	EndGlobalSection
EndGlobal
